// !$*UTF8*$!
{
	archiveVersion = 1;
	classes = {
	};
	objectVersion = 55;
	objects = {

/* Begin PBXBuildFile section */
		991262DD28978741000B76A8 /* videopickerApp.swift in Sources */ = {isa = PBXBuildFile; fileRef = 991262DC28978741000B76A8 /* videopickerApp.swift */; };
		991262DF28978741000B76A8 /* ContentView.swift in Sources */ = {isa = PBXBuildFile; fileRef = 991262DE28978741000B76A8 /* ContentView.swift */; };
		991262E128978742000B76A8 /* Assets.xcassets in Resources */ = {isa = PBXBuildFile; fileRef = 991262E028978742000B76A8 /* Assets.xcassets */; };
		991262E428978742000B76A8 /* Preview Assets.xcassets in Resources */ = {isa = PBXBuildFile; fileRef = 991262E328978742000B76A8 /* Preview Assets.xcassets */; };
		991262EE28978742000B76A8 /* videopickerTests.swift in Sources */ = {isa = PBXBuildFile; fileRef = 991262ED28978742000B76A8 /* videopickerTests.swift */; };
		991262F828978742000B76A8 /* videopickerUITests.swift in Sources */ = {isa = PBXBuildFile; fileRef = 991262F728978742000B76A8 /* videopickerUITests.swift */; };
		991262FA28978742000B76A8 /* videopickerUITestsLaunchTests.swift in Sources */ = {isa = PBXBuildFile; fileRef = 991262F928978742000B76A8 /* videopickerUITestsLaunchTests.swift */; };
/* End PBXBuildFile section */

/* Begin PBXContainerItemProxy section */
		991262EA28978742000B76A8 /* PBXContainerItemProxy */ = {
			isa = PBXContainerItemProxy;
			containerPortal = 991262D128978741000B76A8 /* Project object */;
			proxyType = 1;
			remoteGlobalIDString = 991262D828978741000B76A8;
			remoteInfo = videopicker;
		};
		991262F428978742000B76A8 /* PBXContainerItemProxy */ = {
			isa = PBXContainerItemProxy;
			containerPortal = 991262D128978741000B76A8 /* Project object */;
			proxyType = 1;
			remoteGlobalIDString = 991262D828978741000B76A8;
			remoteInfo = videopicker;
		};
/* End PBXContainerItemProxy section */

/* Begin PBXFileReference section */
		991262D928978741000B76A8 /* videopicker.app */ = {isa = PBXFileReference; explicitFileType = wrapper.application; includeInIndex = 0; path = videopicker.app; sourceTree = BUILT_PRODUCTS_DIR; };
		991262DC28978741000B76A8 /* videopickerApp.swift */ = {isa = PBXFileReference; lastKnownFileType = sourcecode.swift; path = videopickerApp.swift; sourceTree = "<group>"; };
		991262DE28978741000B76A8 /* ContentView.swift */ = {isa = PBXFileReference; lastKnownFileType = sourcecode.swift; path = ContentView.swift; sourceTree = "<group>"; };
		991262E028978742000B76A8 /* Assets.xcassets */ = {isa = PBXFileReference; lastKnownFileType = folder.assetcatalog; path = Assets.xcassets; sourceTree = "<group>"; };
		991262E328978742000B76A8 /* Preview Assets.xcassets */ = {isa = PBXFileReference; lastKnownFileType = folder.assetcatalog; path = "Preview Assets.xcassets"; sourceTree = "<group>"; };
		991262E928978742000B76A8 /* videopickerTests.xctest */ = {isa = PBXFileReference; explicitFileType = wrapper.cfbundle; includeInIndex = 0; path = videopickerTests.xctest; sourceTree = BUILT_PRODUCTS_DIR; };
		991262ED28978742000B76A8 /* videopickerTests.swift */ = {isa = PBXFileReference; lastKnownFileType = sourcecode.swift; path = videopickerTests.swift; sourceTree = "<group>"; };
		991262F328978742000B76A8 /* videopickerUITests.xctest */ = {isa = PBXFileReference; explicitFileType = wrapper.cfbundle; includeInIndex = 0; path = videopickerUITests.xctest; sourceTree = BUILT_PRODUCTS_DIR; };
		991262F728978742000B76A8 /* videopickerUITests.swift */ = {isa = PBXFileReference; lastKnownFileType = sourcecode.swift; path = videopickerUITests.swift; sourceTree = "<group>"; };
		991262F928978742000B76A8 /* videopickerUITestsLaunchTests.swift */ = {isa = PBXFileReference; lastKnownFileType = sourcecode.swift; path = videopickerUITestsLaunchTests.swift; sourceTree = "<group>"; };
/* End PBXFileReference section */

/* Begin PBXFrameworksBuildPhase section */
		991262D628978741000B76A8 /* Frameworks */ = {
			isa = PBXFrameworksBuildPhase;
			buildActionMask = 2147483647;
			files = (
			);
			runOnlyForDeploymentPostprocessing = 0;
		};
		991262E628978742000B76A8 /* Frameworks */ = {
			isa = PBXFrameworksBuildPhase;
			buildActionMask = 2147483647;
			files = (
			);
			runOnlyForDeploymentPostprocessing = 0;
		};
		991262F028978742000B76A8 /* Frameworks */ = {
			isa = PBXFrameworksBuildPhase;
			buildActionMask = 2147483647;
			files = (
			);
			runOnlyForDeploymentPostprocessing = 0;
		};
/* End PBXFrameworksBuildPhase section */

/* Begin PBXGroup section */
		991262D028978741000B76A8 = {
			isa = PBXGroup;
			children = (
				991262DB28978741000B76A8 /* videopicker */,
				991262EC28978742000B76A8 /* videopickerTests */,
				991262F628978742000B76A8 /* videopickerUITests */,
				991262DA28978741000B76A8 /* Products */,
			);
			sourceTree = "<group>";
		};
		991262DA28978741000B76A8 /* Products */ = {
			isa = PBXGroup;
			children = (
				991262D928978741000B76A8 /* videopicker.app */,
				991262E928978742000B76A8 /* videopickerTests.xctest */,
				991262F328978742000B76A8 /* videopickerUITests.xctest */,
			);
			name = Products;
			sourceTree = "<group>";
		};
		991262DB28978741000B76A8 /* videopicker */ = {
			isa = PBXGroup;
			children = (
				991262DC28978741000B76A8 /* videopickerApp.swift */,
				991262DE28978741000B76A8 /* ContentView.swift */,
				991262E028978742000B76A8 /* Assets.xcassets */,
				991262E228978742000B76A8 /* Preview Content */,
			);
			path = videopicker;
			sourceTree = "<group>";
		};
		991262E228978742000B76A8 /* Preview Content */ = {
			isa = PBXGroup;
			children = (
				991262E328978742000B76A8 /* Preview Assets.xcassets */,
			);
			path = "Preview Content";
			sourceTree = "<group>";
		};
		991262EC28978742000B76A8 /* videopickerTests */ = {
			isa = PBXGroup;
			children = (
				991262ED28978742000B76A8 /* videopickerTests.swift */,
			);
			path = videopickerTests;
			sourceTree = "<group>";
		};
		991262F628978742000B76A8 /* videopickerUITests */ = {
			isa = PBXGroup;
			children = (
				991262F728978742000B76A8 /* videopickerUITests.swift */,
				991262F928978742000B76A8 /* videopickerUITestsLaunchTests.swift */,
			);
			path = videopickerUITests;
			sourceTree = "<group>";
		};
/* End PBXGroup section */

/* Begin PBXNativeTarget section */
		991262D828978741000B76A8 /* videopicker */ = {
			isa = PBXNativeTarget;
			buildConfigurationList = 991262FD28978742000B76A8 /* Build configuration list for PBXNativeTarget "videopicker" */;
			buildPhases = (
				991262D528978741000B76A8 /* Sources */,
				991262D628978741000B76A8 /* Frameworks */,
				991262D728978741000B76A8 /* Resources */,
			);
			buildRules = (
			);
			dependencies = (
			);
			name = videopicker;
			productName = videopicker;
			productReference = 991262D928978741000B76A8 /* videopicker.app */;
			productType = "com.apple.product-type.application";
		};
		991262E828978742000B76A8 /* videopickerTests */ = {
			isa = PBXNativeTarget;
			buildConfigurationList = 9912630028978742000B76A8 /* Build configuration list for PBXNativeTarget "videopickerTests" */;
			buildPhases = (
				991262E528978742000B76A8 /* Sources */,
				991262E628978742000B76A8 /* Frameworks */,
				991262E728978742000B76A8 /* Resources */,
			);
			buildRules = (
			);
			dependencies = (
				991262EB28978742000B76A8 /* PBXTargetDependency */,
			);
			name = videopickerTests;
			productName = videopickerTests;
			productReference = 991262E928978742000B76A8 /* videopickerTests.xctest */;
			productType = "com.apple.product-type.bundle.unit-test";
		};
		991262F228978742000B76A8 /* videopickerUITests */ = {
			isa = PBXNativeTarget;
			buildConfigurationList = 9912630328978742000B76A8 /* Build configuration list for PBXNativeTarget "videopickerUITests" */;
			buildPhases = (
				991262EF28978742000B76A8 /* Sources */,
				991262F028978742000B76A8 /* Frameworks */,
				991262F128978742000B76A8 /* Resources */,
			);
			buildRules = (
			);
			dependencies = (
				991262F528978742000B76A8 /* PBXTargetDependency */,
			);
			name = videopickerUITests;
			productName = videopickerUITests;
			productReference = 991262F328978742000B76A8 /* videopickerUITests.xctest */;
			productType = "com.apple.product-type.bundle.ui-testing";
		};
/* End PBXNativeTarget section */

/* Begin PBXProject section */
		991262D128978741000B76A8 /* Project object */ = {
			isa = PBXProject;
			attributes = {
				BuildIndependentTargetsInParallel = 1;
				LastSwiftUpdateCheck = 1340;
				LastUpgradeCheck = 1340;
				TargetAttributes = {
					991262D828978741000B76A8 = {
						CreatedOnToolsVersion = 13.4.1;
					};
					991262E828978742000B76A8 = {
						CreatedOnToolsVersion = 13.4.1;
						TestTargetID = 991262D828978741000B76A8;
					};
					991262F228978742000B76A8 = {
						CreatedOnToolsVersion = 13.4.1;
						TestTargetID = 991262D828978741000B76A8;
					};
				};
			};
			buildConfigurationList = 991262D428978741000B76A8 /* Build configuration list for PBXProject "videopicker" */;
			compatibilityVersion = "Xcode 13.0";
			developmentRegion = en;
			hasScannedForEncodings = 0;
			knownRegions = (
				en,
				Base,
			);
			mainGroup = 991262D028978741000B76A8;
			productRefGroup = 991262DA28978741000B76A8 /* Products */;
			projectDirPath = "";
			projectRoot = "";
			targets = (
				991262D828978741000B76A8 /* videopicker */,
				991262E828978742000B76A8 /* videopickerTests */,
				991262F228978742000B76A8 /* videopickerUITests */,
			);
		};
/* End PBXProject section */

/* Begin PBXResourcesBuildPhase section */
		991262D728978741000B76A8 /* Resources */ = {
			isa = PBXResourcesBuildPhase;
			buildActionMask = 2147483647;
			files = (
				991262E428978742000B76A8 /* Preview Assets.xcassets in Resources */,
				991262E128978742000B76A8 /* Assets.xcassets in Resources */,
			);
			runOnlyForDeploymentPostprocessing = 0;
		};
		991262E728978742000B76A8 /* Resources */ = {
			isa = PBXResourcesBuildPhase;
			buildActionMask = 2147483647;
			files = (
			);
			runOnlyForDeploymentPostprocessing = 0;
		};
		991262F128978742000B76A8 /* Resources */ = {
			isa = PBXResourcesBuildPhase;
			buildActionMask = 2147483647;
			files = (
			);
			runOnlyForDeploymentPostprocessing = 0;
		};
/* End PBXResourcesBuildPhase section */

/* Begin PBXSourcesBuildPhase section */
		991262D528978741000B76A8 /* Sources */ = {
			isa = PBXSourcesBuildPhase;
			buildActionMask = 2147483647;
			files = (
				991262DF28978741000B76A8 /* ContentView.swift in Sources */,
				991262DD28978741000B76A8 /* videopickerApp.swift in Sources */,
			);
			runOnlyForDeploymentPostprocessing = 0;
		};
		991262E528978742000B76A8 /* Sources */ = {
			isa = PBXSourcesBuildPhase;
			buildActionMask = 2147483647;
			files = (
				991262EE28978742000B76A8 /* videopickerTests.swift in Sources */,
			);
			runOnlyForDeploymentPostprocessing = 0;
		};
		991262EF28978742000B76A8 /* Sources */ = {
			isa = PBXSourcesBuildPhase;
			buildActionMask = 2147483647;
			files = (
				991262FA28978742000B76A8 /* videopickerUITestsLaunchTests.swift in Sources */,
				991262F828978742000B76A8 /* videopickerUITests.swift in Sources */,
			);
			runOnlyForDeploymentPostprocessing = 0;
		};
/* End PBXSourcesBuildPhase section */

/* Begin PBXTargetDependency section */
		991262EB28978742000B76A8 /* PBXTargetDependency */ = {
			isa = PBXTargetDependency;
			target = 991262D828978741000B76A8 /* videopicker */;
			targetProxy = 991262EA28978742000B76A8 /* PBXContainerItemProxy */;
		};
		991262F528978742000B76A8 /* PBXTargetDependency */ = {
			isa = PBXTargetDependency;
			target = 991262D828978741000B76A8 /* videopicker */;
			targetProxy = 991262F428978742000B76A8 /* PBXContainerItemProxy */;
		};
/* End PBXTargetDependency section */

/* Begin XCBuildConfiguration section */
		991262FB28978742000B76A8 /* Debug */ = {
			isa = XCBuildConfiguration;
			buildSettings = {
				ALWAYS_SEARCH_USER_PATHS = NO;
				CLANG_ANALYZER_NONNULL = YES;
				CLANG_ANALYZER_NUMBER_OBJECT_CONVERSION = YES_AGGRESSIVE;
				CLANG_CXX_LANGUAGE_STANDARD = "gnu++17";
				CLANG_ENABLE_MODULES = YES;
				CLANG_ENABLE_OBJC_ARC = YES;
				CLANG_ENABLE_OBJC_WEAK = YES;
				CLANG_WARN_BLOCK_CAPTURE_AUTORELEASING = YES;
				CLANG_WARN_BOOL_CONVERSION = YES;
				CLANG_WARN_COMMA = YES;
				CLANG_WARN_CONSTANT_CONVERSION = YES;
				CLANG_WARN_DEPRECATED_OBJC_IMPLEMENTATIONS = YES;
				CLANG_WARN_DIRECT_OBJC_ISA_USAGE = YES_ERROR;
				CLANG_WARN_DOCUMENTATION_COMMENTS = YES;
				CLANG_WARN_EMPTY_BODY = YES;
				CLANG_WARN_ENUM_CONVERSION = YES;
				CLANG_WARN_INFINITE_RECURSION = YES;
				CLANG_WARN_INT_CONVERSION = YES;
				CLANG_WARN_NON_LITERAL_NULL_CONVERSION = YES;
				CLANG_WARN_OBJC_IMPLICIT_RETAIN_SELF = YES;
				CLANG_WARN_OBJC_LITERAL_CONVERSION = YES;
				CLANG_WARN_OBJC_ROOT_CLASS = YES_ERROR;
				CLANG_WARN_QUOTED_INCLUDE_IN_FRAMEWORK_HEADER = YES;
				CLANG_WARN_RANGE_LOOP_ANALYSIS = YES;
				CLANG_WARN_STRICT_PROTOTYPES = YES;
				CLANG_WARN_SUSPICIOUS_MOVE = YES;
				CLANG_WARN_UNGUARDED_AVAILABILITY = YES_AGGRESSIVE;
				CLANG_WARN_UNREACHABLE_CODE = YES;
				CLANG_WARN__DUPLICATE_METHOD_MATCH = YES;
				COPY_PHASE_STRIP = NO;
				DEBUG_INFORMATION_FORMAT = dwarf;
				ENABLE_STRICT_OBJC_MSGSEND = YES;
				ENABLE_TESTABILITY = YES;
				GCC_C_LANGUAGE_STANDARD = gnu11;
				GCC_DYNAMIC_NO_PIC = NO;
				GCC_NO_COMMON_BLOCKS = YES;
				GCC_OPTIMIZATION_LEVEL = 0;
				GCC_PREPROCESSOR_DEFINITIONS = (
					"DEBUG=1",
					"$(inherited)",
				);
				GCC_WARN_64_TO_32_BIT_CONVERSION = YES;
				GCC_WARN_ABOUT_RETURN_TYPE = YES_ERROR;
				GCC_WARN_UNDECLARED_SELECTOR = YES;
				GCC_WARN_UNINITIALIZED_AUTOS = YES_AGGRESSIVE;
				GCC_WARN_UNUSED_FUNCTION = YES;
				GCC_WARN_UNUSED_VARIABLE = YES;
				IPHONEOS_DEPLOYMENT_TARGET = 15.5;
				MTL_ENABLE_DEBUG_INFO = INCLUDE_SOURCE;
				MTL_FAST_MATH = YES;
				ONLY_ACTIVE_ARCH = YES;
				SDKROOT = iphoneos;
				SWIFT_ACTIVE_COMPILATION_CONDITIONS = DEBUG;
				SWIFT_OPTIMIZATION_LEVEL = "-Onone";
			};
			name = Debug;
		};
		991262FC28978742000B76A8 /* Release */ = {
			isa = XCBuildConfiguration;
			buildSettings = {
				ALWAYS_SEARCH_USER_PATHS = NO;
				CLANG_ANALYZER_NONNULL = YES;
				CLANG_ANALYZER_NUMBER_OBJECT_CONVERSION = YES_AGGRESSIVE;
				CLANG_CXX_LANGUAGE_STANDARD = "gnu++17";
				CLANG_ENABLE_MODULES = YES;
				CLANG_ENABLE_OBJC_ARC = YES;
				CLANG_ENABLE_OBJC_WEAK = YES;
				CLANG_WARN_BLOCK_CAPTURE_AUTORELEASING = YES;
				CLANG_WARN_BOOL_CONVERSION = YES;
				CLANG_WARN_COMMA = YES;
				CLANG_WARN_CONSTANT_CONVERSION = YES;
				CLANG_WARN_DEPRECATED_OBJC_IMPLEMENTATIONS = YES;
				CLANG_WARN_DIRECT_OBJC_ISA_USAGE = YES_ERROR;
				CLANG_WARN_DOCUMENTATION_COMMENTS = YES;
				CLANG_WARN_EMPTY_BODY = YES;
				CLANG_WARN_ENUM_CONVERSION = YES;
				CLANG_WARN_INFINITE_RECURSION = YES;
				CLANG_WARN_INT_CONVERSION = YES;
				CLANG_WARN_NON_LITERAL_NULL_CONVERSION = YES;
				CLANG_WARN_OBJC_IMPLICIT_RETAIN_SELF = YES;
				CLANG_WARN_OBJC_LITERAL_CONVERSION = YES;
				CLANG_WARN_OBJC_ROOT_CLASS = YES_ERROR;
				CLANG_WARN_QUOTED_INCLUDE_IN_FRAMEWORK_HEADER = YES;
				CLANG_WARN_RANGE_LOOP_ANALYSIS = YES;
				CLANG_WARN_STRICT_PROTOTYPES = YES;
				CLANG_WARN_SUSPICIOUS_MOVE = YES;
				CLANG_WARN_UNGUARDED_AVAILABILITY = YES_AGGRESSIVE;
				CLANG_WARN_UNREACHABLE_CODE = YES;
				CLANG_WARN__DUPLICATE_METHOD_MATCH = YES;
				COPY_PHASE_STRIP = NO;
				DEBUG_INFORMATION_FORMAT = "dwarf-with-dsym";
				ENABLE_NS_ASSERTIONS = NO;
				ENABLE_STRICT_OBJC_MSGSEND = YES;
				GCC_C_LANGUAGE_STANDARD = gnu11;
				GCC_NO_COMMON_BLOCKS = YES;
				GCC_WARN_64_TO_32_BIT_CONVERSION = YES;
				GCC_WARN_ABOUT_RETURN_TYPE = YES_ERROR;
				GCC_WARN_UNDECLARED_SELECTOR = YES;
				GCC_WARN_UNINITIALIZED_AUTOS = YES_AGGRESSIVE;
				GCC_WARN_UNUSED_FUNCTION = YES;
				GCC_WARN_UNUSED_VARIABLE = YES;
				IPHONEOS_DEPLOYMENT_TARGET = 15.5;
				MTL_ENABLE_DEBUG_INFO = NO;
				MTL_FAST_MATH = YES;
				SDKROOT = iphoneos;
				SWIFT_COMPILATION_MODE = wholemodule;
				SWIFT_OPTIMIZATION_LEVEL = "-O";
				VALIDATE_PRODUCT = YES;
			};
			name = Release;
		};
		991262FE28978742000B76A8 /* Debug */ = {
			isa = XCBuildConfiguration;
			buildSettings = {
				ASSETCATALOG_COMPILER_APPICON_NAME = AppIcon;
				ASSETCATALOG_COMPILER_GLOBAL_ACCENT_COLOR_NAME = AccentColor;
				CODE_SIGN_STYLE = Automatic;
				CURRENT_PROJECT_VERSION = 1;
				DEVELOPMENT_ASSET_PATHS = "\"videopicker/Preview Content\"";
				DEVELOPMENT_TEAM = S67GD4399F;
				ENABLE_PREVIEWS = YES;
				GENERATE_INFOPLIST_FILE = YES;
				INFOPLIST_KEY_UIApplicationSceneManifest_Generation = YES;
				INFOPLIST_KEY_UIApplicationSupportsIndirectInputEvents = YES;
				INFOPLIST_KEY_UILaunchScreen_Generation = YES;
				INFOPLIST_KEY_UISupportedInterfaceOrientations_iPad = "UIInterfaceOrientationPortrait UIInterfaceOrientationPortraitUpsideDown UIInterfaceOrientationLandscapeLeft UIInterfaceOrientationLandscapeRight";
				INFOPLIST_KEY_UISupportedInterfaceOrientations_iPhone = "UIInterfaceOrientationPortrait UIInterfaceOrientationLandscapeLeft UIInterfaceOrientationLandscapeRight";
				LD_RUNPATH_SEARCH_PATHS = (
					"$(inherited)",
					"@executable_path/Frameworks",
				);
				MARKETING_VERSION = 1.0;
				PRODUCT_BUNDLE_IDENTIFIER = rebornsample.videopicker;
				PRODUCT_NAME = "$(TARGET_NAME)";
				SWIFT_EMIT_LOC_STRINGS = YES;
				SWIFT_VERSION = 5.0;
				TARGETED_DEVICE_FAMILY = "1,2";
			};
			name = Debug;
		};
		991262FF28978742000B76A8 /* Release */ = {
			isa = XCBuildConfiguration;
			buildSettings = {
				ASSETCATALOG_COMPILER_APPICON_NAME = AppIcon;
				ASSETCATALOG_COMPILER_GLOBAL_ACCENT_COLOR_NAME = AccentColor;
				CODE_SIGN_STYLE = Automatic;
				CURRENT_PROJECT_VERSION = 1;
				DEVELOPMENT_ASSET_PATHS = "\"videopicker/Preview Content\"";
				DEVELOPMENT_TEAM = S67GD4399F;
				ENABLE_PREVIEWS = YES;
				GENERATE_INFOPLIST_FILE = YES;
				INFOPLIST_KEY_UIApplicationSceneManifest_Generation = YES;
				INFOPLIST_KEY_UIApplicationSupportsIndirectInputEvents = YES;
				INFOPLIST_KEY_UILaunchScreen_Generation = YES;
				INFOPLIST_KEY_UISupportedInterfaceOrientations_iPad = "UIInterfaceOrientationPortrait UIInterfaceOrientationPortraitUpsideDown UIInterfaceOrientationLandscapeLeft UIInterfaceOrientationLandscapeRight";
				INFOPLIST_KEY_UISupportedInterfaceOrientations_iPhone = "UIInterfaceOrientationPortrait UIInterfaceOrientationLandscapeLeft UIInterfaceOrientationLandscapeRight";
				LD_RUNPATH_SEARCH_PATHS = (
					"$(inherited)",
					"@executable_path/Frameworks",
				);
				MARKETING_VERSION = 1.0;
				PRODUCT_BUNDLE_IDENTIFIER = rebornsample.videopicker;
				PRODUCT_NAME = "$(TARGET_NAME)";
				SWIFT_EMIT_LOC_STRINGS = YES;
				SWIFT_VERSION = 5.0;
				TARGETED_DEVICE_FAMILY = "1,2";
			};
			name = Release;
		};
		9912630128978742000B76A8 /* Debug */ = {
			isa = XCBuildConfiguration;
			buildSettings = {
				ALWAYS_EMBED_SWIFT_STANDARD_LIBRARIES = YES;
				BUNDLE_LOADER = "$(TEST_HOST)";
				CODE_SIGN_STYLE = Automatic;
				CURRENT_PROJECT_VERSION = 1;
				DEVELOPMENT_TEAM = S67GD4399F;
				GENERATE_INFOPLIST_FILE = YES;
				IPHONEOS_DEPLOYMENT_TARGET = 15.5;
				MARKETING_VERSION = 1.0;
				PRODUCT_BUNDLE_IDENTIFIER = rebornsample.videopickerTests;
				PRODUCT_NAME = "$(TARGET_NAME)";
				SWIFT_EMIT_LOC_STRINGS = NO;
				SWIFT_VERSION = 5.0;
				TARGETED_DEVICE_FAMILY = "1,2";
				TEST_HOST = "$(BUILT_PRODUCTS_DIR)/videopicker.app/videopicker";
			};
			name = Debug;
		};
		9912630228978742000B76A8 /* Release */ = {
			isa = XCBuildConfiguration;
			buildSettings = {
				ALWAYS_EMBED_SWIFT_STANDARD_LIBRARIES = YES;
				BUNDLE_LOADER = "$(TEST_HOST)";
				CODE_SIGN_STYLE = Automatic;
				CURRENT_PROJECT_VERSION = 1;
				DEVELOPMENT_TEAM = S67GD4399F;
				GENERATE_INFOPLIST_FILE = YES;
				IPHONEOS_DEPLOYMENT_TARGET = 15.5;
				MARKETING_VERSION = 1.0;
				PRODUCT_BUNDLE_IDENTIFIER = rebornsample.videopickerTests;
				PRODUCT_NAME = "$(TARGET_NAME)";
				SWIFT_EMIT_LOC_STRINGS = NO;
				SWIFT_VERSION = 5.0;
				TARGETED_DEVICE_FAMILY = "1,2";
				TEST_HOST = "$(BUILT_PRODUCTS_DIR)/videopicker.app/videopicker";
			};
			name = Release;
		};
		9912630428978742000B76A8 /* Debug */ = {
			isa = XCBuildConfiguration;
			buildSettings = {
				ALWAYS_EMBED_SWIFT_STANDARD_LIBRARIES = YES;
				CODE_SIGN_STYLE = Automatic;
				CURRENT_PROJECT_VERSION = 1;
				DEVELOPMENT_TEAM = S67GD4399F;
				GENERATE_INFOPLIST_FILE = YES;
				MARKETING_VERSION = 1.0;
				PRODUCT_BUNDLE_IDENTIFIER = rebornsample.videopickerUITests;
				PRODUCT_NAME = "$(TARGET_NAME)";
				SWIFT_EMIT_LOC_STRINGS = NO;
				SWIFT_VERSION = 5.0;
				TARGETED_DEVICE_FAMILY = "1,2";
				TEST_TARGET_NAME = videopicker;
			};
			name = Debug;
		};
		9912630528978742000B76A8 /* Release */ = {
			isa = XCBuildConfiguration;
			buildSettings = {
				ALWAYS_EMBED_SWIFT_STANDARD_LIBRARIES = YES;
				CODE_SIGN_STYLE = Automatic;
				CURRENT_PROJECT_VERSION = 1;
				DEVELOPMENT_TEAM = S67GD4399F;
				GENERATE_INFOPLIST_FILE = YES;
				MARKETING_VERSION = 1.0;
				PRODUCT_BUNDLE_IDENTIFIER = rebornsample.videopickerUITests;
				PRODUCT_NAME = "$(TARGET_NAME)";
				SWIFT_EMIT_LOC_STRINGS = NO;
				SWIFT_VERSION = 5.0;
				TARGETED_DEVICE_FAMILY = "1,2";
				TEST_TARGET_NAME = videopicker;
			};
			name = Release;
		};
/* End XCBuildConfiguration section */

/* Begin XCConfigurationList section */
		991262D428978741000B76A8 /* Build configuration list for PBXProject "videopicker" */ = {
			isa = XCConfigurationList;
			buildConfigurations = (
				991262FB28978742000B76A8 /* Debug */,
				991262FC28978742000B76A8 /* Release */,
			);
			defaultConfigurationIsVisible = 0;
			defaultConfigurationName = Release;
		};
		991262FD28978742000B76A8 /* Build configuration list for PBXNativeTarget "videopicker" */ = {
			isa = XCConfigurationList;
			buildConfigurations = (
				991262FE28978742000B76A8 /* Debug */,
				991262FF28978742000B76A8 /* Release */,
			);
			defaultConfigurationIsVisible = 0;
			defaultConfigurationName = Release;
		};
		9912630028978742000B76A8 /* Build configuration list for PBXNativeTarget "videopickerTests" */ = {
			isa = XCConfigurationList;
			buildConfigurations = (
				9912630128978742000B76A8 /* Debug */,
				9912630228978742000B76A8 /* Release */,
			);
			defaultConfigurationIsVisible = 0;
			defaultConfigurationName = Release;
		};
		9912630328978742000B76A8 /* Build configuration list for PBXNativeTarget "videopickerUITests" */ = {
			isa = XCConfigurationList;
			buildConfigurations = (
				9912630428978742000B76A8 /* Debug */,
				9912630528978742000B76A8 /* Release */,
			);
			defaultConfigurationIsVisible = 0;
			defaultConfigurationName = Release;
		};
/* End XCConfigurationList section */
	};
	rootObject = 991262D128978741000B76A8 /* Project object */;
}
